
Microsoft Visual Studio Solution File, Format Version 12.00
# Visual Studio Version 16
VisualStudioVersion = 16.0.29020.237
MinimumVisualStudioVersion = 10.0.40219.1
Project("{FAE04EC0-301F-11D3-BF4B-00C04F79EFBC}") = "표준국어대사전", "표준국어대사전\표준국어대사전.csproj", "{289AEB63-E7D7-49C1-AAC0-E41E15D9B7A1}"
EndProject
Global
	GlobalSection(SolutionConfigurationPlatforms) = preSolution
		Debug|Any CPU = Debug|Any CPU
		Debug|ARM = Debug|ARM
		Debug|ARM64 = Debug|ARM64
		Debug|x64 = Debug|x64
		Debug|x86 = Debug|x86
		Release|Any CPU = Release|Any CPU
		Release|ARM = Release|ARM
		Release|ARM64 = Release|ARM64
		Release|x64 = Release|x64
		Release|x86 = Release|x86
	EndGlobalSection
	GlobalSection(ProjectConfigurationPlatforms) = postSolution
		{289AEB63-E7D7-49C1-AAC0-E41E15D9B7A1}.Debug|Any CPU.ActiveCfg = Debug|x86
		{289AEB63-E7D7-49C1-AAC0-E41E15D9B7A1}.Debug|ARM.ActiveCfg = Debug|ARM
		{289AEB63-E7D7-49C1-AAC0-E41E15D9B7A1}.Debug|ARM.Build.0 = Debug|ARM
		{289AEB63-E7D7-49C1-AAC0-E41E15D9B7A1}.Debug|ARM.Deploy.0 = Debug|ARM
		{289AEB63-E7D7-49C1-AAC0-E41E15D9B7A1}.Debug|ARM64.ActiveCfg = Debug|x86
		{289AEB63-E7D7-49C1-AAC0-E41E15D9B7A1}.Debug|x64.ActiveCfg = Debug|x64
		{289AEB63-E7D7-49C1-AAC0-E41E15D9B7A1}.Debug|x64.Build.0 = Debug|x64
		{289AEB63-E7D7-49C1-AAC0-E41E15D9B7A1}.Debug|x64.Deploy.0 = Debug|x64
		{289AEB63-E7D7-49C1-AAC0-E41E15D9B7A1}.Debug|x86.ActiveCfg = Debug|x86
		{289AEB63-E7D7-49C1-AAC0-E41E15D9B7A1}.Debug|x86.Build.0 = Debug|x86
		{289AEB63-E7D7-49C1-AAC0-E41E15D9B7A1}.Debug|x86.Deploy.0 = Debug|x86
		{289AEB63-E7D7-49C1-AAC0-E41E15D9B7A1}.Release|Any CPU.ActiveCfg = Release|x86
		{289AEB63-E7D7-49C1-AAC0-E41E15D9B7A1}.Release|Any CPU.Build.0 = Release|x86
		{289AEB63-E7D7-49C1-AAC0-E41E15D9B7A1}.Release|Any CPU.Deploy.0 = Release|x86
		{289AEB63-E7D7-49C1-AAC0-E41E15D9B7A1}.Release|ARM.ActiveCfg = Release|ARM
		{289AEB63-E7D7-49C1-AAC0-E41E15D9B7A1}.Release|ARM.Build.0 = Release|ARM
		{289AEB63-E7D7-49C1-AAC0-E41E15D9B7A1}.Release|ARM.Deploy.0 = Release|ARM
		{289AEB63-E7D7-49C1-AAC0-E41E15D9B7A1}.Release|ARM64.ActiveCfg = Release|x86
		{289AEB63-E7D7-49C1-AAC0-E41E15D9B7A1}.Release|x64.ActiveCfg = Release|x64
		{289AEB63-E7D7-49C1-AAC0-E41E15D9B7A1}.Release|x64.Build.0 = Release|x64
		{289AEB63-E7D7-49C1-AAC0-E41E15D9B7A1}.Release|x64.Deploy.0 = Release|x64
		{289AEB63-E7D7-49C1-AAC0-E41E15D9B7A1}.Release|x86.ActiveCfg = Release|x86
		{289AEB63-E7D7-49C1-AAC0-E41E15D9B7A1}.Release|x86.Build.0 = Release|x86
		{289AEB63-E7D7-49C1-AAC0-E41E15D9B7A1}.Release|x86.Deploy.0 = Release|x86
	EndGlobalSection
	GlobalSection(SolutionProperties) = preSolution
		HideSolutionNode = FALSE
	EndGlobalSection
	GlobalSection(ExtensibilityGlobals) = postSolution
		SolutionGuid = {B7A1F819-1C09-47CD-8CCD-2B2A7707F52C}
	EndGlobalSection
EndGlobal
